// !$*UTF8*$!
{
	archiveVersion = 1;
	classes = {
	};
	objectVersion = 77;
	objects = {

/* Begin PBXBuildFile section */
		A52865002E73565F002C6DF8 /* LightstreamerClient in Frameworks */ = {isa = PBXBuildFile; productRef = A52864FF2E73565F002C6DF8 /* LightstreamerClient */; };
		A54B51382EACF0CA0065D613 /* README.md in Resources */ = {isa = PBXBuildFile; fileRef = A54B51372EACF0CA0065D613 /* README.md */; };
/* End PBXBuildFile section */

/* Begin PBXContainerItemProxy section */
		A5BFD2012E734F6E003DB2B6 /* PBXContainerItemProxy */ = {
			isa = PBXContainerItemProxy;
			containerPortal = A5BFD1E42E734F6C003DB2B6 /* Project object */;
			proxyType = 1;
			remoteGlobalIDString = A5BFD1EB2E734F6C003DB2B6;
			remoteInfo = Markey;
		};
		A5BFD20B2E734F6E003DB2B6 /* PBXContainerItemProxy */ = {
			isa = PBXContainerItemProxy;
			containerPortal = A5BFD1E42E734F6C003DB2B6 /* Project object */;
			proxyType = 1;
			remoteGlobalIDString = A5BFD1EB2E734F6C003DB2B6;
			remoteInfo = Markey;
		};
/* End PBXContainerItemProxy section */

/* Begin PBXFileReference section */
		A54B51372EACF0CA0065D613 /* README.md */ = {isa = PBXFileReference; lastKnownFileType = net.daringfireball.markdown; name = README.md; path = ../README.md; sourceTree = SOURCE_ROOT; };
		A5BFD1EC2E734F6C003DB2B6 /* Markey.app */ = {isa = PBXFileReference; explicitFileType = wrapper.application; includeInIndex = 0; path = Markey.app; sourceTree = BUILT_PRODUCTS_DIR; };
		A5BFD2002E734F6E003DB2B6 /* MarkeyTests.xctest */ = {isa = PBXFileReference; explicitFileType = wrapper.cfbundle; includeInIndex = 0; path = MarkeyTests.xctest; sourceTree = BUILT_PRODUCTS_DIR; };
		A5BFD20A2E734F6E003DB2B6 /* MarkeyUITests.xctest */ = {isa = PBXFileReference; explicitFileType = wrapper.cfbundle; includeInIndex = 0; path = MarkeyUITests.xctest; sourceTree = BUILT_PRODUCTS_DIR; };
/* End PBXFileReference section */

/* Begin PBXFileSystemSynchronizedBuildFileExceptionSet section */
		A5BFD2122E734F6E003DB2B6 /* Exceptions for "Markey" folder in "Markey" target */ = {
			isa = PBXFileSystemSynchronizedBuildFileExceptionSet;
			membershipExceptions = (
				Info.plist,
			);
			target = A5BFD1EB2E734F6C003DB2B6 /* Markey */;
		};
/* End PBXFileSystemSynchronizedBuildFileExceptionSet section */

/* Begin PBXFileSystemSynchronizedRootGroup section */
		A5BFD1EE2E734F6C003DB2B6 /* Markey */ = {
			isa = PBXFileSystemSynchronizedRootGroup;
			exceptions = (
				A5BFD2122E734F6E003DB2B6 /* Exceptions for "Markey" folder in "Markey" target */,
			);
			path = Markey;
			sourceTree = "<group>";
		};
		A5BFD2032E734F6E003DB2B6 /* MarkeyTests */ = {
			isa = PBXFileSystemSynchronizedRootGroup;
			path = MarkeyTests;
			sourceTree = "<group>";
		};
		A5BFD20D2E734F6E003DB2B6 /* MarkeyUITests */ = {
			isa = PBXFileSystemSynchronizedRootGroup;
			path = MarkeyUITests;
			sourceTree = "<group>";
		};
/* End PBXFileSystemSynchronizedRootGroup section */

/* Begin PBXFrameworksBuildPhase section */
		A5BFD1E92E734F6C003DB2B6 /* Frameworks */ = {
			isa = PBXFrameworksBuildPhase;
			buildActionMask = 2147483647;
			files = (
				A52865002E73565F002C6DF8 /* LightstreamerClient in Frameworks */,
			);
			runOnlyForDeploymentPostprocessing = 0;
		};
		A5BFD1FD2E734F6E003DB2B6 /* Frameworks */ = {
			isa = PBXFrameworksBuildPhase;
			buildActionMask = 2147483647;
			files = (
			);
			runOnlyForDeploymentPostprocessing = 0;
		};
		A5BFD2072E734F6E003DB2B6 /* Frameworks */ = {
			isa = PBXFrameworksBuildPhase;
			buildActionMask = 2147483647;
			files = (
			);
			runOnlyForDeploymentPostprocessing = 0;
		};
/* End PBXFrameworksBuildPhase section */

/* Begin PBXGroup section */
		A5BFD1E32E734F6C003DB2B6 = {
			isa = PBXGroup;
			children = (
				A5BFD1EE2E734F6C003DB2B6 /* Markey */,
				A5BFD2032E734F6E003DB2B6 /* MarkeyTests */,
				A5BFD20D2E734F6E003DB2B6 /* MarkeyUITests */,
				A54B51372EACF0CA0065D613 /* README.md */,
				A5BFD1ED2E734F6C003DB2B6 /* Products */,
			);
			sourceTree = "<group>";
		};
		A5BFD1ED2E734F6C003DB2B6 /* Products */ = {
			isa = PBXGroup;
			children = (
				A5BFD1EC2E734F6C003DB2B6 /* Markey.app */,
				A5BFD2002E734F6E003DB2B6 /* MarkeyTests.xctest */,
				A5BFD20A2E734F6E003DB2B6 /* MarkeyUITests.xctest */,
			);
			name = Products;
			sourceTree = "<group>";
		};
/* End PBXGroup section */

/* Begin PBXNativeTarget section */
		A5BFD1EB2E734F6C003DB2B6 /* Markey */ = {
			isa = PBXNativeTarget;
			buildConfigurationList = A5BFD2132E734F6E003DB2B6 /* Build configuration list for PBXNativeTarget "Markey" */;
			buildPhases = (
				A5BFD1E82E734F6C003DB2B6 /* Sources */,
				A5BFD1E92E734F6C003DB2B6 /* Frameworks */,
				A5BFD1EA2E734F6C003DB2B6 /* Resources */,
			);
			buildRules = (
			);
			dependencies = (
			);
			fileSystemSynchronizedGroups = (
				A5BFD1EE2E734F6C003DB2B6 /* Markey */,
			);
			name = Markey;
			packageProductDependencies = (
				A52864FF2E73565F002C6DF8 /* LightstreamerClient */,
			);
			productName = Markey;
			productReference = A5BFD1EC2E734F6C003DB2B6 /* Markey.app */;
			productType = "com.apple.product-type.application";
		};
		A5BFD1FF2E734F6E003DB2B6 /* MarkeyTests */ = {
			isa = PBXNativeTarget;
			buildConfigurationList = A5BFD2182E734F6E003DB2B6 /* Build configuration list for PBXNativeTarget "MarkeyTests" */;
			buildPhases = (
				A5BFD1FC2E734F6E003DB2B6 /* Sources */,
				A5BFD1FD2E734F6E003DB2B6 /* Frameworks */,
				A5BFD1FE2E734F6E003DB2B6 /* Resources */,
			);
			buildRules = (
			);
			dependencies = (
				A5BFD2022E734F6E003DB2B6 /* PBXTargetDependency */,
			);
			fileSystemSynchronizedGroups = (
				A5BFD2032E734F6E003DB2B6 /* MarkeyTests */,
			);
			name = MarkeyTests;
			packageProductDependencies = (
			);
			productName = MarkeyTests;
			productReference = A5BFD2002E734F6E003DB2B6 /* MarkeyTests.xctest */;
			productType = "com.apple.product-type.bundle.unit-test";
		};
		A5BFD2092E734F6E003DB2B6 /* MarkeyUITests */ = {
			isa = PBXNativeTarget;
			buildConfigurationList = A5BFD21B2E734F6E003DB2B6 /* Build configuration list for PBXNativeTarget "MarkeyUITests" */;
			buildPhases = (
				A5BFD2062E734F6E003DB2B6 /* Sources */,
				A5BFD2072E734F6E003DB2B6 /* Frameworks */,
				A5BFD2082E734F6E003DB2B6 /* Resources */,
			);
			buildRules = (
			);
			dependencies = (
				A5BFD20C2E734F6E003DB2B6 /* PBXTargetDependency */,
			);
			fileSystemSynchronizedGroups = (
				A5BFD20D2E734F6E003DB2B6 /* MarkeyUITests */,
			);
			name = MarkeyUITests;
			packageProductDependencies = (
			);
			productName = MarkeyUITests;
			productReference = A5BFD20A2E734F6E003DB2B6 /* MarkeyUITests.xctest */;
			productType = "com.apple.product-type.bundle.ui-testing";
		};
/* End PBXNativeTarget section */

/* Begin PBXProject section */
		A5BFD1E42E734F6C003DB2B6 /* Project object */ = {
			isa = PBXProject;
			attributes = {
				BuildIndependentTargetsInParallel = 1;
				LastSwiftUpdateCheck = 1600;
				LastUpgradeCheck = 2600;
				TargetAttributes = {
					A5BFD1EB2E734F6C003DB2B6 = {
						CreatedOnToolsVersion = 16.0;
					};
					A5BFD1FF2E734F6E003DB2B6 = {
						CreatedOnToolsVersion = 16.0;
						TestTargetID = A5BFD1EB2E734F6C003DB2B6;
					};
					A5BFD2092E734F6E003DB2B6 = {
						CreatedOnToolsVersion = 16.0;
						TestTargetID = A5BFD1EB2E734F6C003DB2B6;
					};
				};
			};
			buildConfigurationList = A5BFD1E72E734F6C003DB2B6 /* Build configuration list for PBXProject "Markey" */;
			developmentRegion = en;
			hasScannedForEncodings = 0;
			knownRegions = (
				en,
				Base,
			);
			mainGroup = A5BFD1E32E734F6C003DB2B6;
			minimizedProjectReferenceProxies = 1;
			packageReferences = (
				A52864FE2E73565F002C6DF8 /* XCRemoteSwiftPackageReference "Lightstreamer-lib-client-swift" */,
			);
			preferredProjectObjectVersion = 77;
			productRefGroup = A5BFD1ED2E734F6C003DB2B6 /* Products */;
			projectDirPath = "";
			projectRoot = "";
			targets = (
				A5BFD1EB2E734F6C003DB2B6 /* Markey */,
				A5BFD1FF2E734F6E003DB2B6 /* MarkeyTests */,
				A5BFD2092E734F6E003DB2B6 /* MarkeyUITests */,
			);
		};
/* End PBXProject section */

/* Begin PBXResourcesBuildPhase section */
		A5BFD1EA2E734F6C003DB2B6 /* Resources */ = {
			isa = PBXResourcesBuildPhase;
			buildActionMask = 2147483647;
			files = (
				A54B51382EACF0CA0065D613 /* README.md in Resources */,
			);
			runOnlyForDeploymentPostprocessing = 0;
		};
		A5BFD1FE2E734F6E003DB2B6 /* Resources */ = {
			isa = PBXResourcesBuildPhase;
			buildActionMask = 2147483647;
			files = (
			);
			runOnlyForDeploymentPostprocessing = 0;
		};
		A5BFD2082E734F6E003DB2B6 /* Resources */ = {
			isa = PBXResourcesBuildPhase;
			buildActionMask = 2147483647;
			files = (
			);
			runOnlyForDeploymentPostprocessing = 0;
		};
/* End PBXResourcesBuildPhase section */

/* Begin PBXSourcesBuildPhase section */
		A5BFD1E82E734F6C003DB2B6 /* Sources */ = {
			isa = PBXSourcesBuildPhase;
			buildActionMask = 2147483647;
			files = (
			);
			runOnlyForDeploymentPostprocessing = 0;
		};
		A5BFD1FC2E734F6E003DB2B6 /* Sources */ = {
			isa = PBXSourcesBuildPhase;
			buildActionMask = 2147483647;
			files = (
			);
			runOnlyForDeploymentPostprocessing = 0;
		};
		A5BFD2062E734F6E003DB2B6 /* Sources */ = {
			isa = PBXSourcesBuildPhase;
			buildActionMask = 2147483647;
			files = (
			);
			runOnlyForDeploymentPostprocessing = 0;
		};
/* End PBXSourcesBuildPhase section */

/* Begin PBXTargetDependency section */
		A5BFD2022E734F6E003DB2B6 /* PBXTargetDependency */ = {
			isa = PBXTargetDependency;
			target = A5BFD1EB2E734F6C003DB2B6 /* Markey */;
			targetProxy = A5BFD2012E734F6E003DB2B6 /* PBXContainerItemProxy */;
		};
		A5BFD20C2E734F6E003DB2B6 /* PBXTargetDependency */ = {
			isa = PBXTargetDependency;
			target = A5BFD1EB2E734F6C003DB2B6 /* Markey */;
			targetProxy = A5BFD20B2E734F6E003DB2B6 /* PBXContainerItemProxy */;
		};
/* End PBXTargetDependency section */

/* Begin XCBuildConfiguration section */
		A5BFD2142E734F6E003DB2B6 /* Debug */ = {
			isa = XCBuildConfiguration;
			buildSettings = {
				ASSETCATALOG_COMPILER_APPICON_NAME = AppIcon;
				ASSETCATALOG_COMPILER_GLOBAL_ACCENT_COLOR_NAME = AccentColor;
				CODE_SIGN_ENTITLEMENTS = Markey/Markey.entitlements;
				CODE_SIGN_STYLE = Automatic;
				CURRENT_PROJECT_VERSION = 1;
				DEVELOPMENT_ASSET_PATHS = "\"Markey/Preview Content\"";
				ENABLE_APP_SANDBOX = YES;
				ENABLE_PREVIEWS = YES;
				ENABLE_USER_SELECTED_FILES = readonly;
				GENERATE_INFOPLIST_FILE = YES;
				INFOPLIST_FILE = Markey/Info.plist;
				INFOPLIST_KEY_UIApplicationSceneManifest_Generation = YES;
				INFOPLIST_KEY_UIApplicationSupportsIndirectInputEvents = YES;
				INFOPLIST_KEY_UILaunchScreen_Generation = YES;
				INFOPLIST_KEY_UISupportedInterfaceOrientations_iPad = "UIInterfaceOrientationPortrait UIInterfaceOrientationPortraitUpsideDown UIInterfaceOrientationLandscapeLeft UIInterfaceOrientationLandscapeRight";
				INFOPLIST_KEY_UISupportedInterfaceOrientations_iPhone = "UIInterfaceOrientationPortrait UIInterfaceOrientationLandscapeLeft UIInterfaceOrientationLandscapeRight";
				LD_RUNPATH_SEARCH_PATHS = (
					"$(inherited)",
					"@executable_path/Frameworks",
				);
				MARKETING_VERSION = 1.0;
				PRODUCT_BUNDLE_IDENTIFIER = com.k.Markey;
				PRODUCT_NAME = "$(TARGET_NAME)";
				SWIFT_EMIT_LOC_STRINGS = YES;
				SWIFT_VERSION = 5.0;
				TARGETED_DEVICE_FAMILY = "1,2";
			};
			name = Debug;
		};
		A5BFD2152E734F6E003DB2B6 /* Release */ = {
			isa = XCBuildConfiguration;
			buildSettings = {
				ASSETCATALOG_COMPILER_APPICON_NAME = AppIcon;
				ASSETCATALOG_COMPILER_GLOBAL_ACCENT_COLOR_NAME = AccentColor;
				CODE_SIGN_ENTITLEMENTS = Markey/Markey.entitlements;
				CODE_SIGN_STYLE = Automatic;
				CURRENT_PROJECT_VERSION = 1;
				DEVELOPMENT_ASSET_PATHS = "\"Markey/Preview Content\"";
				ENABLE_APP_SANDBOX = YES;
				ENABLE_PREVIEWS = YES;
				ENABLE_USER_SELECTED_FILES = readonly;
				GENERATE_INFOPLIST_FILE = YES;
				INFOPLIST_FILE = Markey/Info.plist;
				INFOPLIST_KEY_UIApplicationSceneManifest_Generation = YES;
				INFOPLIST_KEY_UIApplicationSupportsIndirectInputEvents = YES;
				INFOPLIST_KEY_UILaunchScreen_Generation = YES;
				INFOPLIST_KEY_UISupportedInterfaceOrientations_iPad = "UIInterfaceOrientationPortrait UIInterfaceOrientationPortraitUpsideDown UIInterfaceOrientationLandscapeLeft UIInterfaceOrientationLandscapeRight";
				INFOPLIST_KEY_UISupportedInterfaceOrientations_iPhone = "UIInterfaceOrientationPortrait UIInterfaceOrientationLandscapeLeft UIInterfaceOrientationLandscapeRight";
				LD_RUNPATH_SEARCH_PATHS = (
					"$(inherited)",
					"@executable_path/Frameworks",
				);
				MARKETING_VERSION = 1.0;
				PRODUCT_BUNDLE_IDENTIFIER = com.k.Markey;
				PRODUCT_NAME = "$(TARGET_NAME)";
				SWIFT_EMIT_LOC_STRINGS = YES;
				SWIFT_VERSION = 5.0;
				TARGETED_DEVICE_FAMILY = "1,2";
			};
			name = Release;
		};
		A5BFD2162E734F6E003DB2B6 /* Debug */ = {
			isa = XCBuildConfiguration;
			buildSettings = {
				ALWAYS_SEARCH_USER_PATHS = NO;
				ASSETCATALOG_COMPILER_GENERATE_SWIFT_ASSET_SYMBOL_EXTENSIONS = YES;
				CLANG_ANALYZER_NONNULL = YES;
				CLANG_ANALYZER_NUMBER_OBJECT_CONVERSION = YES_AGGRESSIVE;
				CLANG_CXX_LANGUAGE_STANDARD = "gnu++20";
				CLANG_ENABLE_MODULES = YES;
				CLANG_ENABLE_OBJC_ARC = YES;
				CLANG_ENABLE_OBJC_WEAK = YES;
				CLANG_WARN_BLOCK_CAPTURE_AUTORELEASING = YES;
				CLANG_WARN_BOOL_CONVERSION = YES;
				CLANG_WARN_COMMA = YES;
				CLANG_WARN_CONSTANT_CONVERSION = YES;
				CLANG_WARN_DEPRECATED_OBJC_IMPLEMENTATIONS = YES;
				CLANG_WARN_DIRECT_OBJC_ISA_USAGE = YES_ERROR;
				CLANG_WARN_DOCUMENTATION_COMMENTS = YES;
				CLANG_WARN_EMPTY_BODY = YES;
				CLANG_WARN_ENUM_CONVERSION = YES;
				CLANG_WARN_INFINITE_RECURSION = YES;
				CLANG_WARN_INT_CONVERSION = YES;
				CLANG_WARN_NON_LITERAL_NULL_CONVERSION = YES;
				CLANG_WARN_OBJC_IMPLICIT_RETAIN_SELF = YES;
				CLANG_WARN_OBJC_LITERAL_CONVERSION = YES;
				CLANG_WARN_OBJC_ROOT_CLASS = YES_ERROR;
				CLANG_WARN_QUOTED_INCLUDE_IN_FRAMEWORK_HEADER = YES;
				CLANG_WARN_RANGE_LOOP_ANALYSIS = YES;
				CLANG_WARN_STRICT_PROTOTYPES = YES;
				CLANG_WARN_SUSPICIOUS_MOVE = YES;
				CLANG_WARN_UNGUARDED_AVAILABILITY = YES_AGGRESSIVE;
				CLANG_WARN_UNREACHABLE_CODE = YES;
				CLANG_WARN__DUPLICATE_METHOD_MATCH = YES;
				COPY_PHASE_STRIP = NO;
				DEBUG_INFORMATION_FORMAT = dwarf;
				ENABLE_STRICT_OBJC_MSGSEND = YES;
				ENABLE_TESTABILITY = YES;
				ENABLE_USER_SCRIPT_SANDBOXING = YES;
				GCC_C_LANGUAGE_STANDARD = gnu17;
				GCC_DYNAMIC_NO_PIC = NO;
				GCC_NO_COMMON_BLOCKS = YES;
				GCC_OPTIMIZATION_LEVEL = 0;
				GCC_PREPROCESSOR_DEFINITIONS = (
					"DEBUG=1",
					"$(inherited)",
				);
				GCC_WARN_64_TO_32_BIT_CONVERSION = YES;
				GCC_WARN_ABOUT_RETURN_TYPE = YES_ERROR;
				GCC_WARN_UNDECLARED_SELECTOR = YES;
				GCC_WARN_UNINITIALIZED_AUTOS = YES_AGGRESSIVE;
				GCC_WARN_UNUSED_FUNCTION = YES;
				GCC_WARN_UNUSED_VARIABLE = YES;
				IPHONEOS_DEPLOYMENT_TARGET = 18.0;
				LOCALIZATION_PREFERS_STRING_CATALOGS = YES;
				MTL_ENABLE_DEBUG_INFO = INCLUDE_SOURCE;
				MTL_FAST_MATH = YES;
				ONLY_ACTIVE_ARCH = YES;
				SDKROOT = iphoneos;
				STRING_CATALOG_GENERATE_SYMBOLS = YES;
				SWIFT_ACTIVE_COMPILATION_CONDITIONS = "DEBUG $(inherited)";
				SWIFT_OPTIMIZATION_LEVEL = "-Onone";
				SWIFT_VERSION = 6.0;
			};
			name = Debug;
		};
		A5BFD2172E734F6E003DB2B6 /* Release */ = {
			isa = XCBuildConfiguration;
			buildSettings = {
				ALWAYS_SEARCH_USER_PATHS = NO;
				ASSETCATALOG_COMPILER_GENERATE_SWIFT_ASSET_SYMBOL_EXTENSIONS = YES;
				CLANG_ANALYZER_NONNULL = YES;
				CLANG_ANALYZER_NUMBER_OBJECT_CONVERSION = YES_AGGRESSIVE;
				CLANG_CXX_LANGUAGE_STANDARD = "gnu++20";
				CLANG_ENABLE_MODULES = YES;
				CLANG_ENABLE_OBJC_ARC = YES;
				CLANG_ENABLE_OBJC_WEAK = YES;
				CLANG_WARN_BLOCK_CAPTURE_AUTORELEASING = YES;
				CLANG_WARN_BOOL_CONVERSION = YES;
				CLANG_WARN_COMMA = YES;
				CLANG_WARN_CONSTANT_CONVERSION = YES;
				CLANG_WARN_DEPRECATED_OBJC_IMPLEMENTATIONS = YES;
				CLANG_WARN_DIRECT_OBJC_ISA_USAGE = YES_ERROR;
				CLANG_WARN_DOCUMENTATION_COMMENTS = YES;
				CLANG_WARN_EMPTY_BODY = YES;
				CLANG_WARN_ENUM_CONVERSION = YES;
				CLANG_WARN_INFINITE_RECURSION = YES;
				CLANG_WARN_INT_CONVERSION = YES;
				CLANG_WARN_NON_LITERAL_NULL_CONVERSION = YES;
				CLANG_WARN_OBJC_IMPLICIT_RETAIN_SELF = YES;
				CLANG_WARN_OBJC_LITERAL_CONVERSION = YES;
				CLANG_WARN_OBJC_ROOT_CLASS = YES_ERROR;
				CLANG_WARN_QUOTED_INCLUDE_IN_FRAMEWORK_HEADER = YES;
				CLANG_WARN_RANGE_LOOP_ANALYSIS = YES;
				CLANG_WARN_STRICT_PROTOTYPES = YES;
				CLANG_WARN_SUSPICIOUS_MOVE = YES;
				CLANG_WARN_UNGUARDED_AVAILABILITY = YES_AGGRESSIVE;
				CLANG_WARN_UNREACHABLE_CODE = YES;
				CLANG_WARN__DUPLICATE_METHOD_MATCH = YES;
				COPY_PHASE_STRIP = NO;
				DEBUG_INFORMATION_FORMAT = "dwarf-with-dsym";
				ENABLE_NS_ASSERTIONS = NO;
				ENABLE_STRICT_OBJC_MSGSEND = YES;
				ENABLE_USER_SCRIPT_SANDBOXING = YES;
				GCC_C_LANGUAGE_STANDARD = gnu17;
				GCC_NO_COMMON_BLOCKS = YES;
				GCC_WARN_64_TO_32_BIT_CONVERSION = YES;
				GCC_WARN_ABOUT_RETURN_TYPE = YES_ERROR;
				GCC_WARN_UNDECLARED_SELECTOR = YES;
				GCC_WARN_UNINITIALIZED_AUTOS = YES_AGGRESSIVE;
				GCC_WARN_UNUSED_FUNCTION = YES;
				GCC_WARN_UNUSED_VARIABLE = YES;
				IPHONEOS_DEPLOYMENT_TARGET = 18.0;
				LOCALIZATION_PREFERS_STRING_CATALOGS = YES;
				MTL_ENABLE_DEBUG_INFO = NO;
				MTL_FAST_MATH = YES;
				SDKROOT = iphoneos;
				STRING_CATALOG_GENERATE_SYMBOLS = YES;
				SWIFT_COMPILATION_MODE = wholemodule;
				SWIFT_VERSION = 6.0;
				VALIDATE_PRODUCT = YES;
			};
			name = Release;
		};
		A5BFD2192E734F6E003DB2B6 /* Debug */ = {
			isa = XCBuildConfiguration;
			buildSettings = {
				BUNDLE_LOADER = "$(TEST_HOST)";
				CODE_SIGN_STYLE = Automatic;
				CURRENT_PROJECT_VERSION = 1;
				GENERATE_INFOPLIST_FILE = YES;
				IPHONEOS_DEPLOYMENT_TARGET = 18.0;
				MARKETING_VERSION = 1.0;
				PRODUCT_BUNDLE_IDENTIFIER = com.k.MarkeyTests;
				PRODUCT_NAME = "$(TARGET_NAME)";
				SWIFT_EMIT_LOC_STRINGS = NO;
				SWIFT_VERSION = 5.0;
				TARGETED_DEVICE_FAMILY = "1,2";
				TEST_HOST = "$(BUILT_PRODUCTS_DIR)/Markey.app/$(BUNDLE_EXECUTABLE_FOLDER_PATH)/Markey";
			};
			name = Debug;
		};
		A5BFD21A2E734F6E003DB2B6 /* Release */ = {
			isa = XCBuildConfiguration;
			buildSettings = {
				BUNDLE_LOADER = "$(TEST_HOST)";
				CODE_SIGN_STYLE = Automatic;
				CURRENT_PROJECT_VERSION = 1;
				GENERATE_INFOPLIST_FILE = YES;
				IPHONEOS_DEPLOYMENT_TARGET = 18.0;
				MARKETING_VERSION = 1.0;
				PRODUCT_BUNDLE_IDENTIFIER = com.k.MarkeyTests;
				PRODUCT_NAME = "$(TARGET_NAME)";
				SWIFT_EMIT_LOC_STRINGS = NO;
				SWIFT_VERSION = 5.0;
				TARGETED_DEVICE_FAMILY = "1,2";
				TEST_HOST = "$(BUILT_PRODUCTS_DIR)/Markey.app/$(BUNDLE_EXECUTABLE_FOLDER_PATH)/Markey";
			};
			name = Release;
		};
		A5BFD21C2E734F6E003DB2B6 /* Debug */ = {
			isa = XCBuildConfiguration;
			buildSettings = {
				CODE_SIGN_STYLE = Automatic;
				CURRENT_PROJECT_VERSION = 1;
				GENERATE_INFOPLIST_FILE = YES;
				MARKETING_VERSION = 1.0;
				PRODUCT_BUNDLE_IDENTIFIER = com.k.MarkeyUITests;
				PRODUCT_NAME = "$(TARGET_NAME)";
				SWIFT_EMIT_LOC_STRINGS = NO;
				SWIFT_VERSION = 5.0;
				TARGETED_DEVICE_FAMILY = "1,2";
				TEST_TARGET_NAME = Markey;
			};
			name = Debug;
		};
		A5BFD21D2E734F6E003DB2B6 /* Release */ = {
			isa = XCBuildConfiguration;
			buildSettings = {
				CODE_SIGN_STYLE = Automatic;
				CURRENT_PROJECT_VERSION = 1;
				GENERATE_INFOPLIST_FILE = YES;
				MARKETING_VERSION = 1.0;
				PRODUCT_BUNDLE_IDENTIFIER = com.k.MarkeyUITests;
				PRODUCT_NAME = "$(TARGET_NAME)";
				SWIFT_EMIT_LOC_STRINGS = NO;
				SWIFT_VERSION = 5.0;
				TARGETED_DEVICE_FAMILY = "1,2";
				TEST_TARGET_NAME = Markey;
			};
			name = Release;
		};
/* End XCBuildConfiguration section */

/* Begin XCConfigurationList section */
		A5BFD1E72E734F6C003DB2B6 /* Build configuration list for PBXProject "Markey" */ = {
			isa = XCConfigurationList;
			buildConfigurations = (
				A5BFD2162E734F6E003DB2B6 /* Debug */,
				A5BFD2172E734F6E003DB2B6 /* Release */,
			);
			defaultConfigurationIsVisible = 0;
			defaultConfigurationName = Release;
		};
		A5BFD2132E734F6E003DB2B6 /* Build configuration list for PBXNativeTarget "Markey" */ = {
			isa = XCConfigurationList;
			buildConfigurations = (
				A5BFD2142E734F6E003DB2B6 /* Debug */,
				A5BFD2152E734F6E003DB2B6 /* Release */,
			);
			defaultConfigurationIsVisible = 0;
			defaultConfigurationName = Release;
		};
		A5BFD2182E734F6E003DB2B6 /* Build configuration list for PBXNativeTarget "MarkeyTests" */ = {
			isa = XCConfigurationList;
			buildConfigurations = (
				A5BFD2192E734F6E003DB2B6 /* Debug */,
				A5BFD21A2E734F6E003DB2B6 /* Release */,
			);
			defaultConfigurationIsVisible = 0;
			defaultConfigurationName = Release;
		};
		A5BFD21B2E734F6E003DB2B6 /* Build configuration list for PBXNativeTarget "MarkeyUITests" */ = {
			isa = XCConfigurationList;
			buildConfigurations = (
				A5BFD21C2E734F6E003DB2B6 /* Debug */,
				A5BFD21D2E734F6E003DB2B6 /* Release */,
			);
			defaultConfigurationIsVisible = 0;
			defaultConfigurationName = Release;
		};
/* End XCConfigurationList section */

/* Begin XCRemoteSwiftPackageReference section */
		A52864FE2E73565F002C6DF8 /* XCRemoteSwiftPackageReference "Lightstreamer-lib-client-swift" */ = {
			isa = XCRemoteSwiftPackageReference;
			repositoryURL = "https://github.com/Lightstreamer/Lightstreamer-lib-client-swift.git";
			requirement = {
				kind = exactVersion;
				version = 6.2.1;
			};
		};
/* End XCRemoteSwiftPackageReference section */

/* Begin XCSwiftPackageProductDependency section */
		A52864FF2E73565F002C6DF8 /* LightstreamerClient */ = {
			isa = XCSwiftPackageProductDependency;
			package = A52864FE2E73565F002C6DF8 /* XCRemoteSwiftPackageReference "Lightstreamer-lib-client-swift" */;
			productName = LightstreamerClient;
		};
/* End XCSwiftPackageProductDependency section */
	};
	rootObject = A5BFD1E42E734F6C003DB2B6 /* Project object */;
}
